
Microsoft Visual Studio Solution File, Format Version 12.00
# Visual Studio Version 17
VisualStudioVersion = 17.3.32929.385
MinimumVisualStudioVersion = 10.0.40219.1
Project("{FAE04EC0-301F-11D3-BF4B-00C04F79EFBC}") = "SpecflowGroupExcercise", "SpecflowGroupExcercise.csproj", "{22BBBDD6-F097-48B7-9C79-21BE8E416DEE}"
EndProject
Global
	GlobalSection(SolutionConfigurationPlatforms) = preSolution
		Debug|Any CPU = Debug|Any CPU
		Release|Any CPU = Release|Any CPU
	EndGlobalSection
	GlobalSection(ProjectConfigurationPlatforms) = postSolution
		{22BBBDD6-F097-48B7-9C79-21BE8E416DEE}.Debug|Any CPU.ActiveCfg = Debug|Any CPU
		{22BBBDD6-F097-48B7-9C79-21BE8E416DEE}.Debug|Any CPU.Build.0 = Debug|Any CPU
		{22BBBDD6-F097-48B7-9C79-21BE8E416DEE}.Release|Any CPU.ActiveCfg = Release|Any CPU
		{22BBBDD6-F097-48B7-9C79-21BE8E416DEE}.Release|Any CPU.Build.0 = Release|Any CPU
	EndGlobalSection
	GlobalSection(SolutionProperties) = preSolution
		HideSolutionNode = FALSE
	EndGlobalSection
	GlobalSection(ExtensibilityGlobals) = postSolution
		SolutionGuid = {2BCB5194-F0A3-41C9-A731-4804D6CD18F2}
	EndGlobalSection
EndGlobal
